{
    "name": "lambda-crud-layer",
    "version": "1.0.0",
    "lockfileVersion": 1,
    "requires": true,
    "dependencies": {
        "@dazn/lambda-powertools-correlation-ids": {
            "version": "1.8.2",
            "resolved": "https://registry.npmjs.org/@dazn/lambda-powertools-correlation-ids/-/lambda-powertools-correlation-ids-1.8.2.tgz",
            "integrity": "sha512-zZvahepZI7vC3qvT+z0eVXbt9gJ6vHK0UJcw2IZ5EOhocYfOJhNsaGIv6HdOp8nDGAQkVLH8IY3Ih/wLoBU4Lg=="
        },
        "@dazn/lambda-powertools-logger": {
            "version": "1.15.2",
            "resolved": "https://registry.npmjs.org/@dazn/lambda-powertools-logger/-/lambda-powertools-logger-1.15.2.tgz",
            "integrity": "sha512-OYvkpu23xJsK9iVW4shsMA0qtVt7d5KVIeacNbmXMJ3sHRcniIVDOknk3AtlZOFZcPLzU0Keb4dzEmUcAJy6Rg==",
            "requires": {
                "@dazn/lambda-powertools-correlation-ids": "^1.8.2"
            }
        },
        "clean-deep": {
            "version": "3.2.0",
            "resolved": "https://registry.npmjs.org/clean-deep/-/clean-deep-3.2.0.tgz",
            "integrity": "sha512-YA2SBZnGnbq1MnV17UsjKERWJiT/cTPjCtT7xSxZ/DTcPQGdfWKjlP/FfjKXTyfkMGUhNvOD1Oq7IzTbHfUv9g==",
            "requires": {
                "lodash.isempty": "^4.4.0",
                "lodash.isplainobject": "^4.0.6",
                "lodash.transform": "^4.6.0"
            }
        },
        "clone": {
            "version": "2.1.2",
            "resolved": "https://registry.npmjs.org/clone/-/clone-2.1.2.tgz",
            "integrity": "sha1-G39Ln1kfHo+DZwQBYANFoCiHQ18="
        },
        "lodash.isempty": {
            "version": "4.4.0",
            "resolved": "https://registry.npmjs.org/lodash.isempty/-/lodash.isempty-4.4.0.tgz",
            "integrity": "sha1-b4bL7di+TsmHvpqvM8loTbGzHn4="
        },
        "lodash.isplainobject": {
            "version": "4.0.6",
            "resolved": "https://registry.npmjs.org/lodash.isplainobject/-/lodash.isplainobject-4.0.6.tgz",
            "integrity": "sha1-fFJqUtibRcRcxpC4gWO+BJf1UMs="
        },
        "lodash.merge": {
            "version": "4.6.2",
            "resolved": "https://registry.npmjs.org/lodash.merge/-/lodash.merge-4.6.2.tgz",
            "integrity": "sha512-0KpjqXRVvrYyCsX1swR/XTK0va6VQkQM6MNo7PqW77ByjAhoARA8EfrP1N4+KlKj8YS0ZUCtRT/YUuhyYDujIQ=="
        },
        "lodash.transform": {
            "version": "4.6.0",
            "resolved": "https://registry.npmjs.org/lodash.transform/-/lodash.transform-4.6.0.tgz",
            "integrity": "sha1-EjBkIvYzJK7YSD0/ODMrX2cFR6A="
        }
    }
}
